
Microsoft Visual Studio Solution File, Format Version 12.00
# Visual Studio Version 17
VisualStudioVersion = 17.8.34525.116
MinimumVisualStudioVersion = 10.0.40219.1
Project("{9A19103F-16F7-4668-BE54-9A1E7A4F7556}") = "Crud with JWT Auth", "Crud with JWT Auth\Crud with JWT Auth.csproj", "{9F891257-68CB-4903-828D-22AE8B9BC8BB}"
EndProject
Project("{FAE04EC0-301F-11D3-BF4B-00C04F79EFBC}") = "TestProject1", "TestProject1\TestProject1.csproj", "{836F54E8-1E65-4FF5-BA18-85C62E4DA38B}"
EndProject
Global
	GlobalSection(SolutionConfigurationPlatforms) = preSolution
		Debug|Any CPU = Debug|Any CPU
		Release|Any CPU = Release|Any CPU
	EndGlobalSection
	GlobalSection(ProjectConfigurationPlatforms) = postSolution
		{9F891257-68CB-4903-828D-22AE8B9BC8BB}.Debug|Any CPU.ActiveCfg = Debug|Any CPU
		{9F891257-68CB-4903-828D-22AE8B9BC8BB}.Debug|Any CPU.Build.0 = Debug|Any CPU
		{9F891257-68CB-4903-828D-22AE8B9BC8BB}.Release|Any CPU.ActiveCfg = Release|Any CPU
		{9F891257-68CB-4903-828D-22AE8B9BC8BB}.Release|Any CPU.Build.0 = Release|Any CPU
		{836F54E8-1E65-4FF5-BA18-85C62E4DA38B}.Debug|Any CPU.ActiveCfg = Debug|Any CPU
		{836F54E8-1E65-4FF5-BA18-85C62E4DA38B}.Debug|Any CPU.Build.0 = Debug|Any CPU
		{836F54E8-1E65-4FF5-BA18-85C62E4DA38B}.Release|Any CPU.ActiveCfg = Release|Any CPU
		{836F54E8-1E65-4FF5-BA18-85C62E4DA38B}.Release|Any CPU.Build.0 = Release|Any CPU
	EndGlobalSection
	GlobalSection(SolutionProperties) = preSolution
		HideSolutionNode = FALSE
	EndGlobalSection
	GlobalSection(ExtensibilityGlobals) = postSolution
		SolutionGuid = {D8B43EB5-51C1-486E-AD5A-3482DF4B24D0}
	EndGlobalSection
EndGlobal
